
Microsoft Visual Studio Solution File, Format Version 12.00
Project("{FAE04EC0-301F-11D3-BF4B-00C04F79EFBC}") = "BuildToolsTool", "BuildToolsTool\BuildToolsTool.csproj", "{B0981A3F-0F61-4945-B567-0EE256041DEF}"
EndProject
Global
	GlobalSection(SolutionConfigurationPlatforms) = preSolution
		Debug|Any CPU = Debug|Any CPU
		Release|Any CPU = Release|Any CPU
	EndGlobalSection
	GlobalSection(ProjectConfigurationPlatforms) = postSolution
		{B0981A3F-0F61-4945-B567-0EE256041DEF}.Debug|Any CPU.ActiveCfg = Debug|Any CPU
		{B0981A3F-0F61-4945-B567-0EE256041DEF}.Debug|Any CPU.Build.0 = Debug|Any CPU
		{B0981A3F-0F61-4945-B567-0EE256041DEF}.Release|Any CPU.ActiveCfg = Release|Any CPU
		{B0981A3F-0F61-4945-B567-0EE256041DEF}.Release|Any CPU.Build.0 = Release|Any CPU
	EndGlobalSection
EndGlobal
